{
    "_meta": {
        "hash": {
            "sha256": "7b24c87a2d3ad2c02bc78b0396cd836a485828b0516b0884868cecd3fd13e839"
        },
        "pipfile-spec": 6,
        "requires": {
            "python_version": "3.9"
        },
        "sources": [
            {
                "name": "pypi",
                "url": "https://pypi.python.org/simple",
                "verify_ssl": true
            }
        ]
    },
    "default": {
        "smtp-mail": {
            "hashes": [
                "sha256:24701b8492f9e33e583dc19f7fb896c9fe476271717f471a6110e70fbd50e211"
            ],
            "index": "pypi",
            "version": "==0.0.2"
        }
    },
    "develop": {}
}
